
Microsoft Visual Studio Solution File, Format Version 12.00
# Visual Studio 14
VisualStudioVersion = 14.0.24720.0
MinimumVisualStudioVersion = 10.0.40219.1
Project("{FAE04EC0-301F-11D3-BF4B-00C04F79EFBC}") = "Cloudikka.Swapi", "Cloudikka.Swapi\Cloudikka.Swapi.csproj", "{A1E97FD5-884A-4C66-8428-55D51C6C591F}"
EndProject
Project("{FAE04EC0-301F-11D3-BF4B-00C04F79EFBC}") = "Cloudikka.Swapi.Test.Windows.Library", "Cloudikka.Swapi.Test.Windows.Library\Cloudikka.Swapi.Test.Windows.Library.csproj", "{A4AD1CC9-C469-46E0-AC38-6B1DFB047B25}"
EndProject
Global
	GlobalSection(SolutionConfigurationPlatforms) = preSolution
		Debug|Any CPU = Debug|Any CPU
		Debug|ARM = Debug|ARM
		Debug|x64 = Debug|x64
		Debug|x86 = Debug|x86
		Release|Any CPU = Release|Any CPU
		Release|ARM = Release|ARM
		Release|x64 = Release|x64
		Release|x86 = Release|x86
	EndGlobalSection
	GlobalSection(ProjectConfigurationPlatforms) = postSolution
		{A1E97FD5-884A-4C66-8428-55D51C6C591F}.Debug|Any CPU.ActiveCfg = Debug|Any CPU
		{A1E97FD5-884A-4C66-8428-55D51C6C591F}.Debug|Any CPU.Build.0 = Debug|Any CPU
		{A1E97FD5-884A-4C66-8428-55D51C6C591F}.Debug|ARM.ActiveCfg = Debug|Any CPU
		{A1E97FD5-884A-4C66-8428-55D51C6C591F}.Debug|ARM.Build.0 = Debug|Any CPU
		{A1E97FD5-884A-4C66-8428-55D51C6C591F}.Debug|x64.ActiveCfg = Debug|Any CPU
		{A1E97FD5-884A-4C66-8428-55D51C6C591F}.Debug|x64.Build.0 = Debug|Any CPU
		{A1E97FD5-884A-4C66-8428-55D51C6C591F}.Debug|x86.ActiveCfg = Debug|Any CPU
		{A1E97FD5-884A-4C66-8428-55D51C6C591F}.Debug|x86.Build.0 = Debug|Any CPU
		{A1E97FD5-884A-4C66-8428-55D51C6C591F}.Release|Any CPU.ActiveCfg = Release|Any CPU
		{A1E97FD5-884A-4C66-8428-55D51C6C591F}.Release|Any CPU.Build.0 = Release|Any CPU
		{A1E97FD5-884A-4C66-8428-55D51C6C591F}.Release|ARM.ActiveCfg = Release|Any CPU
		{A1E97FD5-884A-4C66-8428-55D51C6C591F}.Release|ARM.Build.0 = Release|Any CPU
		{A1E97FD5-884A-4C66-8428-55D51C6C591F}.Release|x64.ActiveCfg = Release|Any CPU
		{A1E97FD5-884A-4C66-8428-55D51C6C591F}.Release|x64.Build.0 = Release|Any CPU
		{A1E97FD5-884A-4C66-8428-55D51C6C591F}.Release|x86.ActiveCfg = Release|Any CPU
		{A1E97FD5-884A-4C66-8428-55D51C6C591F}.Release|x86.Build.0 = Release|Any CPU
		{A4AD1CC9-C469-46E0-AC38-6B1DFB047B25}.Debug|Any CPU.ActiveCfg = Debug|Any CPU
		{A4AD1CC9-C469-46E0-AC38-6B1DFB047B25}.Debug|Any CPU.Build.0 = Debug|Any CPU
		{A4AD1CC9-C469-46E0-AC38-6B1DFB047B25}.Debug|Any CPU.Deploy.0 = Debug|Any CPU
		{A4AD1CC9-C469-46E0-AC38-6B1DFB047B25}.Debug|ARM.ActiveCfg = Debug|ARM
		{A4AD1CC9-C469-46E0-AC38-6B1DFB047B25}.Debug|ARM.Build.0 = Debug|ARM
		{A4AD1CC9-C469-46E0-AC38-6B1DFB047B25}.Debug|ARM.Deploy.0 = Debug|ARM
		{A4AD1CC9-C469-46E0-AC38-6B1DFB047B25}.Debug|x64.ActiveCfg = Debug|x64
		{A4AD1CC9-C469-46E0-AC38-6B1DFB047B25}.Debug|x64.Build.0 = Debug|x64
		{A4AD1CC9-C469-46E0-AC38-6B1DFB047B25}.Debug|x64.Deploy.0 = Debug|x64
		{A4AD1CC9-C469-46E0-AC38-6B1DFB047B25}.Debug|x86.ActiveCfg = Debug|x86
		{A4AD1CC9-C469-46E0-AC38-6B1DFB047B25}.Debug|x86.Build.0 = Debug|x86
		{A4AD1CC9-C469-46E0-AC38-6B1DFB047B25}.Debug|x86.Deploy.0 = Debug|x86
		{A4AD1CC9-C469-46E0-AC38-6B1DFB047B25}.Release|Any CPU.ActiveCfg = Release|Any CPU
		{A4AD1CC9-C469-46E0-AC38-6B1DFB047B25}.Release|Any CPU.Build.0 = Release|Any CPU
		{A4AD1CC9-C469-46E0-AC38-6B1DFB047B25}.Release|Any CPU.Deploy.0 = Release|Any CPU
		{A4AD1CC9-C469-46E0-AC38-6B1DFB047B25}.Release|ARM.ActiveCfg = Release|ARM
		{A4AD1CC9-C469-46E0-AC38-6B1DFB047B25}.Release|ARM.Build.0 = Release|ARM
		{A4AD1CC9-C469-46E0-AC38-6B1DFB047B25}.Release|ARM.Deploy.0 = Release|ARM
		{A4AD1CC9-C469-46E0-AC38-6B1DFB047B25}.Release|x64.ActiveCfg = Release|x64
		{A4AD1CC9-C469-46E0-AC38-6B1DFB047B25}.Release|x64.Build.0 = Release|x64
		{A4AD1CC9-C469-46E0-AC38-6B1DFB047B25}.Release|x64.Deploy.0 = Release|x64
		{A4AD1CC9-C469-46E0-AC38-6B1DFB047B25}.Release|x86.ActiveCfg = Release|x86
		{A4AD1CC9-C469-46E0-AC38-6B1DFB047B25}.Release|x86.Build.0 = Release|x86
		{A4AD1CC9-C469-46E0-AC38-6B1DFB047B25}.Release|x86.Deploy.0 = Release|x86
	EndGlobalSection
	GlobalSection(SolutionProperties) = preSolution
		HideSolutionNode = FALSE
	EndGlobalSection
EndGlobal
